
Microsoft Visual Studio Solution File, Format Version 12.00
# Visual Studio Version 16
VisualStudioVersion = 16.0.31424.327
MinimumVisualStudioVersion = 10.0.40219.1
Project("{E24C65DC-7377-472B-9ABA-BC803B73C61A}") = "my website", ".", "{29F4811E-16B4-410A-BBEE-0C720F40DB28}"
	ProjectSection(WebsiteProperties) = preProject
		TargetFrameworkMoniker = ".NETFramework,Version%3Dv4.0"
		Debug.AspNetCompiler.VirtualPath = "/localhost_60194"
		Debug.AspNetCompiler.PhysicalPath = "..\..\..\Desktop\my website\"
		Debug.AspNetCompiler.TargetPath = "PrecompiledWeb\localhost_60194\"
		Debug.AspNetCompiler.Updateable = "true"
		Debug.AspNetCompiler.ForceOverwrite = "true"
		Debug.AspNetCompiler.FixedNames = "false"
		Debug.AspNetCompiler.Debug = "True"
		Release.AspNetCompiler.VirtualPath = "/localhost_60194"
		Release.AspNetCompiler.PhysicalPath = "..\..\..\Desktop\my website\"
		Release.AspNetCompiler.TargetPath = "PrecompiledWeb\localhost_60194\"
		Release.AspNetCompiler.Updateable = "true"
		Release.AspNetCompiler.ForceOverwrite = "true"
		Release.AspNetCompiler.FixedNames = "false"
		Release.AspNetCompiler.Debug = "False"
		VWDPort = "60194"
	EndProjectSection
EndProject
Global
	GlobalSection(SolutionConfigurationPlatforms) = preSolution
		Debug|Any CPU = Debug|Any CPU
	EndGlobalSection
	GlobalSection(ProjectConfigurationPlatforms) = postSolution
		{29F4811E-16B4-410A-BBEE-0C720F40DB28}.Debug|Any CPU.ActiveCfg = Debug|Any CPU
		{29F4811E-16B4-410A-BBEE-0C720F40DB28}.Debug|Any CPU.Build.0 = Debug|Any CPU
	EndGlobalSection
	GlobalSection(SolutionProperties) = preSolution
		HideSolutionNode = FALSE
	EndGlobalSection
	GlobalSection(ExtensibilityGlobals) = postSolution
		SolutionGuid = {405D7FC4-96DD-4C98-873F-B116B7B72C10}
	EndGlobalSection
EndGlobal
